
Microsoft Visual Studio Solution File, Format Version 12.00
# Visual Studio Version 16
VisualStudioVersion = 16.0.31702.278
MinimumVisualStudioVersion = 10.0.40219.1
Project("{FAE04EC0-301F-11D3-BF4B-00C04F79EFBC}") = "WFA_SEMAF", "WFA_SEMAF.csproj", "{D6D05A69-C971-47A1-B7D0-689D961824C4}"
EndProject
Global
	GlobalSection(SolutionConfigurationPlatforms) = preSolution
		Debug|Any CPU = Debug|Any CPU
		Release|Any CPU = Release|Any CPU
	EndGlobalSection
	GlobalSection(ProjectConfigurationPlatforms) = postSolution
		{D6D05A69-C971-47A1-B7D0-689D961824C4}.Debug|Any CPU.ActiveCfg = Debug|Any CPU
		{D6D05A69-C971-47A1-B7D0-689D961824C4}.Debug|Any CPU.Build.0 = Debug|Any CPU
		{D6D05A69-C971-47A1-B7D0-689D961824C4}.Release|Any CPU.ActiveCfg = Release|Any CPU
		{D6D05A69-C971-47A1-B7D0-689D961824C4}.Release|Any CPU.Build.0 = Release|Any CPU
	EndGlobalSection
	GlobalSection(SolutionProperties) = preSolution
		HideSolutionNode = FALSE
	EndGlobalSection
	GlobalSection(ExtensibilityGlobals) = postSolution
		SolutionGuid = {2456D84D-003F-46FE-8B0E-C75E14BDEBDF}
	EndGlobalSection
EndGlobal
